
Microsoft Visual Studio Solution File, Format Version 12.00
# Visual Studio Version 16
VisualStudioVersion = 16.0.34407.143
MinimumVisualStudioVersion = 10.0.40219.1
Project("{FAE04EC0-301F-11D3-BF4B-00C04F79EFBC}") = "DromAutotest", "DromAutotest\DromAutotest.csproj", "{D576CAF6-A94A-4883-A9EC-F66E7845271B}"
EndProject
Global
	GlobalSection(SolutionConfigurationPlatforms) = preSolution
		Debug|Any CPU = Debug|Any CPU
		Release|Any CPU = Release|Any CPU
	EndGlobalSection
	GlobalSection(ProjectConfigurationPlatforms) = postSolution
		{D576CAF6-A94A-4883-A9EC-F66E7845271B}.Debug|Any CPU.ActiveCfg = Debug|Any CPU
		{D576CAF6-A94A-4883-A9EC-F66E7845271B}.Debug|Any CPU.Build.0 = Debug|Any CPU
		{D576CAF6-A94A-4883-A9EC-F66E7845271B}.Release|Any CPU.ActiveCfg = Release|Any CPU
		{D576CAF6-A94A-4883-A9EC-F66E7845271B}.Release|Any CPU.Build.0 = Release|Any CPU
	EndGlobalSection
	GlobalSection(SolutionProperties) = preSolution
		HideSolutionNode = FALSE
	EndGlobalSection
	GlobalSection(ExtensibilityGlobals) = postSolution
		SolutionGuid = {5102EA9F-0A18-428E-894D-5226F7389BF7}
	EndGlobalSection
EndGlobal
